{
  "version": 4,
  "terraform_version": "0.14.4",
  "serial": 12,
  "lineage": "6ea30862-98fc-0cf5-077e-944072bb818d",
  "outputs": {
    "dhcp": {
      "value": "vpc-0a9b006202f0b1cf9",
      "type": "string"
    },
    "dhcp_id": {
      "value": "dopt-04e087b10930012ec",
      "type": "string"
    },
    "subnets": {
      "value": {
        "subnet-01099a1e9dab8eb04": "subnet-01099a1e9dab8eb04",
        "subnet-03189dda01fa0286d": "subnet-03189dda01fa0286d",
        "subnet-08004d4afaa9c86f6": "subnet-08004d4afaa9c86f6",
        "subnet-0b378dd0a8565c189": "subnet-0b378dd0a8565c189"
      },
      "type": [
        "object",
        {
          "subnet-01099a1e9dab8eb04": "string",
          "subnet-03189dda01fa0286d": "string",
          "subnet-08004d4afaa9c86f6": "string",
          "subnet-0b378dd0a8565c189": "string"
        }
      ]
    },
    "vpc_id": {
      "value": "vpc-0a9b006202f0b1cf9",
      "type": "string"
    }
  },
  "resources": [
    {
      "module": "module.subnet",
      "mode": "managed",
      "type": "aws_subnet",
      "name": "subnet",
      "provider": "provider[\"registry.terraform.io/hashicorp/aws\"]",
      "instances": [
        {
          "index_key": "192.168.1.0/24",
          "schema_version": 1,
          "attributes": {
            "arn": "arn:aws:ec2:us-east-1:378425785477:subnet/subnet-0b378dd0a8565c189",
            "assign_ipv6_address_on_creation": false,
            "availability_zone": "us-east-1a",
            "availability_zone_id": "use1-az1",
            "cidr_block": "192.168.1.0/24",
            "id": "subnet-0b378dd0a8565c189",
            "ipv6_cidr_block": "",
            "ipv6_cidr_block_association_id": "",
            "map_public_ip_on_launch": true,
            "outpost_arn": "",
            "owner_id": "378425785477",
            "tags": {
              "Environment": "Production",
              "Name": "us-east-1a-Production",
              "Public": "true"
            },
            "timeouts": null,
            "vpc_id": "vpc-0a9b006202f0b1cf9"
          },
          "sensitive_attributes": [],
          "private": "eyJlMmJmYjczMC1lY2FhLTExZTYtOGY4OC0zNDM2M2JjN2M0YzAiOnsiY3JlYXRlIjo2MDAwMDAwMDAwMDAsImRlbGV0ZSI6MTIwMDAwMDAwMDAwMH0sInNjaGVtYV92ZXJzaW9uIjoiMSJ9",
          "dependencies": [
            "module.vpc.aws_vpc.vpc"
          ]
        },
        {
          "index_key": "192.168.2.0/24",
          "schema_version": 1,
          "attributes": {
            "arn": "arn:aws:ec2:us-east-1:378425785477:subnet/subnet-08004d4afaa9c86f6",
            "assign_ipv6_address_on_creation": false,
            "availability_zone": "us-east-1b",
            "availability_zone_id": "use1-az2",
            "cidr_block": "192.168.2.0/24",
            "id": "subnet-08004d4afaa9c86f6",
            "ipv6_cidr_block": "",
            "ipv6_cidr_block_association_id": "",
            "map_public_ip_on_launch": true,
            "outpost_arn": "",
            "owner_id": "378425785477",
            "tags": {
              "Environment": "Production",
              "Name": "us-east-1b-Production",
              "Public": "true"
            },
            "timeouts": null,
            "vpc_id": "vpc-0a9b006202f0b1cf9"
          },
          "sensitive_attributes": [],
          "private": "eyJlMmJmYjczMC1lY2FhLTExZTYtOGY4OC0zNDM2M2JjN2M0YzAiOnsiY3JlYXRlIjo2MDAwMDAwMDAwMDAsImRlbGV0ZSI6MTIwMDAwMDAwMDAwMH0sInNjaGVtYV92ZXJzaW9uIjoiMSJ9",
          "dependencies": [
            "module.vpc.aws_vpc.vpc"
          ]
        },
        {
          "index_key": "192.168.3.0/24",
          "schema_version": 1,
          "attributes": {
            "arn": "arn:aws:ec2:us-east-1:378425785477:subnet/subnet-01099a1e9dab8eb04",
            "assign_ipv6_address_on_creation": false,
            "availability_zone": "us-east-1a",
            "availability_zone_id": "use1-az1",
            "cidr_block": "192.168.3.0/24",
            "id": "subnet-01099a1e9dab8eb04",
            "ipv6_cidr_block": "",
            "ipv6_cidr_block_association_id": "",
            "map_public_ip_on_launch": false,
            "outpost_arn": "",
            "owner_id": "378425785477",
            "tags": {
              "Environment": "Production",
              "Name": "us-east-1a-Production",
              "Public": "false"
            },
            "timeouts": null,
            "vpc_id": "vpc-0a9b006202f0b1cf9"
          },
          "sensitive_attributes": [],
          "private": "eyJlMmJmYjczMC1lY2FhLTExZTYtOGY4OC0zNDM2M2JjN2M0YzAiOnsiY3JlYXRlIjo2MDAwMDAwMDAwMDAsImRlbGV0ZSI6MTIwMDAwMDAwMDAwMH0sInNjaGVtYV92ZXJzaW9uIjoiMSJ9",
          "dependencies": [
            "module.vpc.aws_vpc.vpc"
          ]
        },
        {
          "index_key": "192.168.4.0/24",
          "schema_version": 1,
          "attributes": {
            "arn": "arn:aws:ec2:us-east-1:378425785477:subnet/subnet-03189dda01fa0286d",
            "assign_ipv6_address_on_creation": false,
            "availability_zone": "us-east-1b",
            "availability_zone_id": "use1-az2",
            "cidr_block": "192.168.4.0/24",
            "id": "subnet-03189dda01fa0286d",
            "ipv6_cidr_block": "",
            "ipv6_cidr_block_association_id": "",
            "map_public_ip_on_launch": false,
            "outpost_arn": "",
            "owner_id": "378425785477",
            "tags": {
              "Environment": "Production",
              "Name": "us-east-1b-Production",
              "Public": "false"
            },
            "timeouts": null,
            "vpc_id": "vpc-0a9b006202f0b1cf9"
          },
          "sensitive_attributes": [],
          "private": "eyJlMmJmYjczMC1lY2FhLTExZTYtOGY4OC0zNDM2M2JjN2M0YzAiOnsiY3JlYXRlIjo2MDAwMDAwMDAwMDAsImRlbGV0ZSI6MTIwMDAwMDAwMDAwMH0sInNjaGVtYV92ZXJzaW9uIjoiMSJ9",
          "dependencies": [
            "module.vpc.aws_vpc.vpc"
          ]
        }
      ]
    },
    {
      "module": "module.vpc",
      "mode": "managed",
      "type": "aws_internet_gateway",
      "name": "gw",
      "provider": "provider[\"registry.terraform.io/hashicorp/aws\"]",
      "instances": [
        {
          "schema_version": 0,
          "attributes": {
            "arn": "arn:aws:ec2:us-east-1:378425785477:internet-gateway/igw-0a183149429f8d44b",
            "id": "igw-0a183149429f8d44b",
            "owner_id": "378425785477",
            "tags": {
              "Name": "production-gw"
            },
            "vpc_id": "vpc-0a9b006202f0b1cf9"
          },
          "sensitive_attributes": [],
          "private": "bnVsbA==",
          "dependencies": [
            "module.vpc.aws_vpc.vpc"
          ]
        }
      ]
    },
    {
      "module": "module.vpc",
      "mode": "managed",
      "type": "aws_vpc",
      "name": "vpc",
      "provider": "provider[\"registry.terraform.io/hashicorp/aws\"]",
      "instances": [
        {
          "schema_version": 1,
          "attributes": {
            "arn": "arn:aws:ec2:us-east-1:378425785477:vpc/vpc-0a9b006202f0b1cf9",
            "assign_generated_ipv6_cidr_block": false,
            "cidr_block": "192.168.0.0/16",
            "default_network_acl_id": "acl-0f52799b5dca1328f",
            "default_route_table_id": "rtb-05ac8915f45836795",
            "default_security_group_id": "sg-0bfef5e7dcdfb8eba",
            "dhcp_options_id": "dopt-04e087b10930012ec",
            "enable_classiclink": false,
            "enable_classiclink_dns_support": false,
            "enable_dns_hostnames": false,
            "enable_dns_support": true,
            "id": "vpc-0a9b006202f0b1cf9",
            "instance_tenancy": "default",
            "ipv6_association_id": "",
            "ipv6_cidr_block": "",
            "main_route_table_id": "rtb-05ac8915f45836795",
            "owner_id": "378425785477",
            "tags": {
              "Environment": "production",
              "Name": "production-dhcp"
            }
          },
          "sensitive_attributes": [],
          "private": "eyJzY2hlbWFfdmVyc2lvbiI6IjEifQ=="
        }
      ]
    },
    {
      "module": "module.vpc",
      "mode": "managed",
      "type": "aws_vpc_dhcp_options",
      "name": "dhcp",
      "provider": "provider[\"registry.terraform.io/hashicorp/aws\"]",
      "instances": [
        {
          "schema_version": 0,
          "attributes": {
            "arn": "arn:aws:ec2:us-east-1:378425785477:dhcp-options/dopt-04e087b10930012ec",
            "domain_name": "vue.prod",
            "domain_name_servers": [
              "8.8.8.8"
            ],
            "id": "dopt-04e087b10930012ec",
            "netbios_name_servers": null,
            "netbios_node_type": null,
            "ntp_servers": [
              "132.163.96.1",
              "132.163.96.2",
              "132.163.96.3",
              "132.163.96.4"
            ],
            "owner_id": "378425785477",
            "tags": {
              "Environment": "production",
              "Name": "production-dhcp"
            }
          },
          "sensitive_attributes": [],
          "private": "bnVsbA=="
        }
      ]
    },
    {
      "module": "module.vpc",
      "mode": "managed",
      "type": "aws_vpc_dhcp_options_association",
      "name": "dhcp_association",
      "provider": "provider[\"registry.terraform.io/hashicorp/aws\"]",
      "instances": [
        {
          "schema_version": 0,
          "attributes": {
            "dhcp_options_id": "dopt-04e087b10930012ec",
            "id": "dopt-04e087b10930012ec-vpc-0a9b006202f0b1cf9",
            "vpc_id": "vpc-0a9b006202f0b1cf9"
          },
          "sensitive_attributes": [],
          "private": "bnVsbA==",
          "dependencies": [
            "module.vpc.aws_vpc.vpc",
            "module.vpc.aws_vpc_dhcp_options.dhcp"
          ]
        }
      ]
    }
  ]
}
